<?xml version="1.0" encoding="utf-8"?>
<Project ToolsVersion="4.0" xmlns="http://schemas.microsoft.com/developer/msbuild/2003">
  <ItemGroup>
    <Filter Include="GameFramework">
      <UniqueIdentifier>{2022f07b-1b60-46ab-a52d-a64b674a984f}</UniqueIdentifier>
    </Filter>
    <Filter Include="main">
      <UniqueIdentifier>{575bc941-5015-4360-95cc-4d6d8e1f9f73}</UniqueIdentifier>
    </Filter>
    <Filter Include="Utility">
      <UniqueIdentifier>{a0d56e5f-0b75-4c90-93de-92a89ae340ad}</UniqueIdentifier>
    </Filter>
    <Filter Include="Utility\pch">
      <UniqueIdentifier>{acba5b5c-788e-4a1c-9eea-8a77ff806bf9}</UniqueIdentifier>
    </Filter>
    <Filter Include="Utility\리소스 파일">
      <UniqueIdentifier>{67DA6AB6-F800-4c08-8B7A-83BB121AAD01}</UniqueIdentifier>
      <Extensions>rc;ico;cur;bmp;dlg;rc2;rct;bin;rgs;gif;jpg;jpeg;jpe;resx;tiff;tif;png;wav;mfcribbon-ms</Extensions>
    </Filter>
    <Filter Include="GameFramework\DX12_Graphic_Devices">
      <UniqueIdentifier>{2b5b6d30-6b40-4147-840a-d73ccc77c1e2}</UniqueIdentifier>
    </Filter>
    <Filter Include="GameFramework\DX12_Graphic_Devices\CommandQueue">
      <UniqueIdentifier>{d4b76766-2a74-4331-bfed-3aa531a62406}</UniqueIdentifier>
    </Filter>
    <Filter Include="GameFramework\DX12_Graphic_Devices\Device">
      <UniqueIdentifier>{c5e41b59-16d9-463e-8369-7da4f037d1f0}</UniqueIdentifier>
    </Filter>
    <Filter Include="GameFramework\DX12_Graphic_Devices\RootSignature">
      <UniqueIdentifier>{0c05bea4-3514-4c77-b449-72ae49ab5788}</UniqueIdentifier>
    </Filter>
    <Filter Include="GameFramework\DX12_Graphic_Devices\Shader">
      <UniqueIdentifier>{36dfeeb4-1aee-4608-a06e-afa5faa734b3}</UniqueIdentifier>
    </Filter>
    <Filter Include="GameFramework\DX12_Graphic_Devices\SwapChain">
      <UniqueIdentifier>{5520b3a5-3977-4dc6-af20-ff779599f661}</UniqueIdentifier>
    </Filter>
    <Filter Include="GameFramework\Engine">
      <UniqueIdentifier>{63db8f56-fe51-4217-8bcc-455692b9c02c}</UniqueIdentifier>
    </Filter>
    <Filter Include="GameFramework\Engine\Scene">
      <UniqueIdentifier>{df936a75-d1f1-4086-8470-58703c7146d0}</UniqueIdentifier>
    </Filter>
    <Filter Include="GameFramework\Engine\Key">
      <UniqueIdentifier>{2bd21461-c097-453f-9e25-2cd38ae52f8b}</UniqueIdentifier>
    </Filter>
    <Filter Include="GameFramework\Engine\GameObject">
      <UniqueIdentifier>{f317fa66-4d73-4bfc-9408-efc8a7ef6bc8}</UniqueIdentifier>
    </Filter>
    <Filter Include="GameFramework\Engine\Resource">
      <UniqueIdentifier>{e3f70af4-5e6d-43b3-81a0-f542ccb65593}</UniqueIdentifier>
    </Filter>
    <Filter Include="GameFramework\DX12_Graphic_Devices\GraphicsPipelineState">
      <UniqueIdentifier>{41a0c671-9c84-4ee6-8b2a-aa5832c2898f}</UniqueIdentifier>
    </Filter>
    <Filter Include="GameFramework\Engine\Resource\HLSL">
      <UniqueIdentifier>{6ef96583-298f-4b1e-bc89-0b559b908e67}</UniqueIdentifier>
    </Filter>
    <Filter Include="GameFramework\Engine\GameObject\Mesh">
      <UniqueIdentifier>{e5490cc0-c033-4986-a5a9-8bc86effafd8}</UniqueIdentifier>
    </Filter>
  </ItemGroup>
  <ItemGroup>
    <ClInclude Include="CGameFramework.h">
      <Filter>GameFramework</Filter>
    </ClInclude>
    <ClInclude Include="stdafx.h">
      <Filter>Utility\pch</Filter>
    </ClInclude>
    <ClInclude Include="2018180035JJM_DX12.h">
      <Filter>main</Filter>
    </ClInclude>
    <ClInclude Include="Resource.h">
      <Filter>Utility</Filter>
    </ClInclude>
    <ClInclude Include="targetver.h">
      <Filter>Utility</Filter>
    </ClInclude>
    <ClInclude Include="CDevice.h">
      <Filter>GameFramework\DX12_Graphic_Devices\Device</Filter>
    </ClInclude>
    <ClInclude Include="CRootSignature.h">
      <Filter>GameFramework\DX12_Graphic_Devices\RootSignature</Filter>
    </ClInclude>
    <ClInclude Include="CSwapChain.h">
      <Filter>GameFramework\DX12_Graphic_Devices\SwapChain</Filter>
    </ClInclude>
    <ClInclude Include="CCommandQueue.h">
      <Filter>GameFramework\DX12_Graphic_Devices\CommandQueue</Filter>
    </ClInclude>
    <ClInclude Include="CShader.h">
      <Filter>GameFramework\DX12_Graphic_Devices\Shader</Filter>
    </ClInclude>
    <ClInclude Include="CKeyManager.h">
      <Filter>GameFramework\Engine\Key</Filter>
    </ClInclude>
    <ClInclude Include="Utility.h">
      <Filter>Utility</Filter>
    </ClInclude>
    <ClInclude Include="CScene.h">
      <Filter>GameFramework\Engine\Scene</Filter>
    </ClInclude>
    <ClInclude Include="CGameObject.h">
      <Filter>GameFramework\Engine\GameObject</Filter>
    </ClInclude>
    <ClInclude Include="CGraphicsPipelineState.h">
      <Filter>GameFramework\DX12_Graphic_Devices\GraphicsPipelineState</Filter>
    </ClInclude>
    <ClInclude Include="d3dx12.h">
      <Filter>Utility</Filter>
    </ClInclude>
    <ClInclude Include="CMesh.h">
      <Filter>GameFramework\Engine\GameObject\Mesh</Filter>
    </ClInclude>
  </ItemGroup>
  <ItemGroup>
    <ClCompile Include="CGameFramework.cpp">
      <Filter>GameFramework</Filter>
    </ClCompile>
    <ClCompile Include="stdafx.cpp">
      <Filter>Utility\pch</Filter>
    </ClCompile>
    <ClCompile Include="2018180035JJM_DX12.cpp">
      <Filter>main</Filter>
    </ClCompile>
    <ClCompile Include="CDevice.cpp">
      <Filter>GameFramework\DX12_Graphic_Devices\Device</Filter>
    </ClCompile>
    <ClCompile Include="CRootSignature.cpp">
      <Filter>GameFramework\DX12_Graphic_Devices\RootSignature</Filter>
    </ClCompile>
    <ClCompile Include="CSwapChain.cpp">
      <Filter>GameFramework\DX12_Graphic_Devices\SwapChain</Filter>
    </ClCompile>
    <ClCompile Include="CCommandQueue.cpp">
      <Filter>GameFramework\DX12_Graphic_Devices\CommandQueue</Filter>
    </ClCompile>
    <ClCompile Include="CShader.cpp">
      <Filter>GameFramework\DX12_Graphic_Devices\Shader</Filter>
    </ClCompile>
    <ClCompile Include="CKeyManager.cpp">
      <Filter>GameFramework\Engine\Key</Filter>
    </ClCompile>
    <ClCompile Include="CSene.cpp">
      <Filter>GameFramework\Engine\Scene</Filter>
    </ClCompile>
    <ClCompile Include="CGameObject.cpp">
      <Filter>GameFramework\Engine\GameObject</Filter>
    </ClCompile>
    <ClCompile Include="CGraphicsPipelineState.cpp">
      <Filter>GameFramework\DX12_Graphic_Devices\GraphicsPipelineState</Filter>
    </ClCompile>
    <ClCompile Include="CMesh.cpp">
      <Filter>GameFramework\Engine\GameObject\Mesh</Filter>
    </ClCompile>
  </ItemGroup>
  <ItemGroup>
    <ResourceCompile Include="2018180035JJM_DX12.rc">
      <Filter>Utility\리소스 파일</Filter>
    </ResourceCompile>
  </ItemGroup>
  <ItemGroup>
    <Image Include="small.ico">
      <Filter>Utility\리소스 파일</Filter>
    </Image>
    <Image Include="2018180035JJM_DX12.ico">
      <Filter>Utility\리소스 파일</Filter>
    </Image>
  </ItemGroup>
  <ItemGroup>
    <FxCompile Include="VertexShader.hlsl">
      <Filter>GameFramework\Engine\Resource\HLSL</Filter>
    </FxCompile>
    <FxCompile Include="PixelShader.hlsl">
      <Filter>GameFramework\Engine\Resource\HLSL</Filter>
    </FxCompile>
  </ItemGroup>
</Project>